
Microsoft Visual Studio Solution File, Format Version 12.00
# Visual Studio 15
VisualStudioVersion = 15.0.28010.2003
MinimumVisualStudioVersion = 10.0.40219.1
Project("{FAE04EC0-301F-11D3-BF4B-00C04F79EFBC}") = "Reverse", "Reverse\Reverse.csproj", "{066BA602-A3E6-49B8-B82A-7BAFB1AE4F56}"
EndProject
Global
	GlobalSection(SolutionConfigurationPlatforms) = preSolution
		Debug|Any CPU = Debug|Any CPU
		Release|Any CPU = Release|Any CPU
	EndGlobalSection
	GlobalSection(ProjectConfigurationPlatforms) = postSolution
		{066BA602-A3E6-49B8-B82A-7BAFB1AE4F56}.Debug|Any CPU.ActiveCfg = Debug|Any CPU
		{066BA602-A3E6-49B8-B82A-7BAFB1AE4F56}.Debug|Any CPU.Build.0 = Debug|Any CPU
		{066BA602-A3E6-49B8-B82A-7BAFB1AE4F56}.Release|Any CPU.ActiveCfg = Release|Any CPU
		{066BA602-A3E6-49B8-B82A-7BAFB1AE4F56}.Release|Any CPU.Build.0 = Release|Any CPU
	EndGlobalSection
	GlobalSection(SolutionProperties) = preSolution
		HideSolutionNode = FALSE
	EndGlobalSection
	GlobalSection(ExtensibilityGlobals) = postSolution
		SolutionGuid = {9BC5994F-DEFF-4A19-9093-25642E172B5A}
	EndGlobalSection
EndGlobal
