
Microsoft Visual Studio Solution File, Format Version 12.00
# Visual Studio 15
VisualStudioVersion = 15.0.28010.2003
MinimumVisualStudioVersion = 10.0.40219.1
Project("{FAE04EC0-301F-11D3-BF4B-00C04F79EFBC}") = "TickyTackyToesies", "TickyTackyToesies\TickyTackyToesies.csproj", "{F8FE0323-2C67-4D6C-BBA0-8C1F653E5A6A}"
EndProject
Global
	GlobalSection(SolutionConfigurationPlatforms) = preSolution
		Debug|Any CPU = Debug|Any CPU
		Release|Any CPU = Release|Any CPU
	EndGlobalSection
	GlobalSection(ProjectConfigurationPlatforms) = postSolution
		{F8FE0323-2C67-4D6C-BBA0-8C1F653E5A6A}.Debug|Any CPU.ActiveCfg = Debug|Any CPU
		{F8FE0323-2C67-4D6C-BBA0-8C1F653E5A6A}.Debug|Any CPU.Build.0 = Debug|Any CPU
		{F8FE0323-2C67-4D6C-BBA0-8C1F653E5A6A}.Release|Any CPU.ActiveCfg = Release|Any CPU
		{F8FE0323-2C67-4D6C-BBA0-8C1F653E5A6A}.Release|Any CPU.Build.0 = Release|Any CPU
	EndGlobalSection
	GlobalSection(SolutionProperties) = preSolution
		HideSolutionNode = FALSE
	EndGlobalSection
	GlobalSection(ExtensibilityGlobals) = postSolution
		SolutionGuid = {D371F7E9-00B7-4FC6-A765-D3D585563E0C}
	EndGlobalSection
EndGlobal
