
Microsoft Visual Studio Solution File, Format Version 12.00
# Visual Studio 15
VisualStudioVersion = 15.0.28010.2003
MinimumVisualStudioVersion = 10.0.40219.1
Project("{FAE04EC0-301F-11D3-BF4B-00C04F79EFBC}") = "i dunno man", "i dunno man\i dunno man.csproj", "{E0B00E55-DE31-4D79-B9C8-60DCB4D4DA87}"
EndProject
Global
	GlobalSection(SolutionConfigurationPlatforms) = preSolution
		Debug|Any CPU = Debug|Any CPU
		Release|Any CPU = Release|Any CPU
	EndGlobalSection
	GlobalSection(ProjectConfigurationPlatforms) = postSolution
		{E0B00E55-DE31-4D79-B9C8-60DCB4D4DA87}.Debug|Any CPU.ActiveCfg = Debug|Any CPU
		{E0B00E55-DE31-4D79-B9C8-60DCB4D4DA87}.Debug|Any CPU.Build.0 = Debug|Any CPU
		{E0B00E55-DE31-4D79-B9C8-60DCB4D4DA87}.Release|Any CPU.ActiveCfg = Release|Any CPU
		{E0B00E55-DE31-4D79-B9C8-60DCB4D4DA87}.Release|Any CPU.Build.0 = Release|Any CPU
	EndGlobalSection
	GlobalSection(SolutionProperties) = preSolution
		HideSolutionNode = FALSE
	EndGlobalSection
	GlobalSection(ExtensibilityGlobals) = postSolution
		SolutionGuid = {3C2E7D3A-62AF-4A00-835E-BF4E57AA13D7}
	EndGlobalSection
EndGlobal
